
Microsoft Visual Studio Solution File, Format Version 12.00
# Visual Studio 2012
Project("{FAE04EC0-301F-11D3-BF4B-00C04F79EFBC}") = "Blinky", "Blinky\Blinky.csproj", "{1FCDD518-90FD-483A-830F-6655D9800E3A}"
EndProject
Global
	GlobalSection(SolutionConfigurationPlatforms) = preSolution
		Debug|Any CPU = Debug|Any CPU
		Release|Any CPU = Release|Any CPU
	EndGlobalSection
	GlobalSection(ProjectConfigurationPlatforms) = postSolution
		{1FCDD518-90FD-483A-830F-6655D9800E3A}.Debug|Any CPU.ActiveCfg = Debug|Any CPU
		{1FCDD518-90FD-483A-830F-6655D9800E3A}.Debug|Any CPU.Build.0 = Debug|Any CPU
		{1FCDD518-90FD-483A-830F-6655D9800E3A}.Debug|Any CPU.Deploy.0 = Debug|Any CPU
		{1FCDD518-90FD-483A-830F-6655D9800E3A}.Release|Any CPU.ActiveCfg = Release|Any CPU
		{1FCDD518-90FD-483A-830F-6655D9800E3A}.Release|Any CPU.Build.0 = Release|Any CPU
		{1FCDD518-90FD-483A-830F-6655D9800E3A}.Release|Any CPU.Deploy.0 = Release|Any CPU
	EndGlobalSection
	GlobalSection(SolutionProperties) = preSolution
		HideSolutionNode = FALSE
	EndGlobalSection
EndGlobal
